
Microsoft Visual Studio Solution File, Format Version 12.00
# Visual Studio 15
VisualStudioVersion = 15.0.27428.2015
MinimumVisualStudioVersion = 10.0.40219.1
Project("{8BC9CEB8-8B4A-11D0-8D11-00A0C91BC942}") = "cyber_punk", "cyber_punk\cyber_punk.vcxproj", "{7C05F038-161D-4473-9AC4-1A9095D5F495}"
EndProject
Global
	GlobalSection(SolutionConfigurationPlatforms) = preSolution
		Debug|x64 = Debug|x64
		Debug|x86 = Debug|x86
		Release|x64 = Release|x64
		Release|x86 = Release|x86
	EndGlobalSection
	GlobalSection(ProjectConfigurationPlatforms) = postSolution
		{7C05F038-161D-4473-9AC4-1A9095D5F495}.Debug|x64.ActiveCfg = Debug|x64
		{7C05F038-161D-4473-9AC4-1A9095D5F495}.Debug|x64.Build.0 = Debug|x64
		{7C05F038-161D-4473-9AC4-1A9095D5F495}.Debug|x86.ActiveCfg = Debug|Win32
		{7C05F038-161D-4473-9AC4-1A9095D5F495}.Debug|x86.Build.0 = Debug|Win32
		{7C05F038-161D-4473-9AC4-1A9095D5F495}.Release|x64.ActiveCfg = Release|x64
		{7C05F038-161D-4473-9AC4-1A9095D5F495}.Release|x64.Build.0 = Release|x64
		{7C05F038-161D-4473-9AC4-1A9095D5F495}.Release|x86.ActiveCfg = Release|Win32
		{7C05F038-161D-4473-9AC4-1A9095D5F495}.Release|x86.Build.0 = Release|Win32
	EndGlobalSection
	GlobalSection(SolutionProperties) = preSolution
		HideSolutionNode = FALSE
	EndGlobalSection
	GlobalSection(ExtensibilityGlobals) = postSolution
		SolutionGuid = {4139066D-160F-4472-A9C3-70D702E018E4}
	EndGlobalSection
EndGlobal
