<?xml version="1.0" encoding="utf-8"?>
<Project ToolsVersion="4.0" xmlns="http://schemas.microsoft.com/developer/msbuild/2003">
  <ItemGroup>
    <Filter Include="Source Files">
      <UniqueIdentifier>{4FC737F1-C7A5-4376-A066-2A32D752A2FF}</UniqueIdentifier>
      <Extensions>cpp;c;cc;cxx;def;odl;idl;hpj;bat;asm;asmx</Extensions>
    </Filter>
    <Filter Include="Header Files">
      <UniqueIdentifier>{93995380-89BD-4b04-88EB-625FBE52EBFB}</UniqueIdentifier>
      <Extensions>h;hh;hpp;hxx;hm;inl;inc;ipp;xsd</Extensions>
    </Filter>
    <Filter Include="Header Files\Characters">
      <UniqueIdentifier>{eb9ab394-21cf-45f5-964a-2827ae463444}</UniqueIdentifier>
    </Filter>
    <Filter Include="Source Files\Characters">
      <UniqueIdentifier>{e5fdd5b1-f650-472b-a1fc-48c46a4376c8}</UniqueIdentifier>
    </Filter>
    <Filter Include="Header Files\Cards">
      <UniqueIdentifier>{0211d507-c595-4663-8814-030e6f3a7933}</UniqueIdentifier>
    </Filter>
    <Filter Include="Source Files\Cards">
      <UniqueIdentifier>{02c4abe6-4f62-4cc2-9124-818afc551f43}</UniqueIdentifier>
    </Filter>
    <Filter Include="Header Files\Effects">
      <UniqueIdentifier>{905e3674-0f4b-42f2-a747-98233a273082}</UniqueIdentifier>
    </Filter>
    <Filter Include="Source Files\Effects">
      <UniqueIdentifier>{64f9150b-4908-48eb-bbf5-5f93f23c6be3}</UniqueIdentifier>
    </Filter>
  </ItemGroup>
  <ItemGroup>
    <ClCompile Include="src\Characters\Character.cpp">
      <Filter>Source Files\Characters</Filter>
    </ClCompile>
    <ClCompile Include="src\Cards\Card.cpp">
      <Filter>Source Files\Cards</Filter>
    </ClCompile>
    <ClCompile Include="src\Characters\Player.cpp">
      <Filter>Source Files\Characters</Filter>
    </ClCompile>
    <ClCompile Include="src\Cards\Deck.cpp">
      <Filter>Source Files\Cards</Filter>
    </ClCompile>
    <ClCompile Include="src\Effects\Effects.cpp">
      <Filter>Source Files\Effects</Filter>
    </ClCompile>
    <ClCompile Include="src\Effects\EffectModification.cpp">
      <Filter>Source Files\Effects</Filter>
    </ClCompile>
  </ItemGroup>
  <ItemGroup>
    <ClInclude Include="include\Characters\Character.h">
      <Filter>Header Files\Characters</Filter>
    </ClInclude>
    <ClInclude Include="include\Cards\Card.h">
      <Filter>Header Files\Cards</Filter>
    </ClInclude>
    <ClInclude Include="include\Characters\Player.h">
      <Filter>Header Files\Characters</Filter>
    </ClInclude>
    <ClInclude Include="include\Cards\Deck.h">
      <Filter>Header Files\Cards</Filter>
    </ClInclude>
    <ClInclude Include="include\Cards\CardEffect.h">
      <Filter>Header Files\Cards</Filter>
    </ClInclude>
    <ClInclude Include="include\Effects\Effects.h">
      <Filter>Header Files\Effects</Filter>
    </ClInclude>
    <ClInclude Include="include\Effects\EffectModification.h">
      <Filter>Header Files\Effects</Filter>
    </ClInclude>
  </ItemGroup>
</Project>